// !$*UTF8*$!
{
	archiveVersion = 1;
	classes = {
	};
	objectVersion = 46;
	objects = {

/* Begin PBXBuildFile section */
		2B63BF371E2FE6E10087F271 /* AppDelegate.swift in Sources */ = {isa = PBXBuildFile; fileRef = 2B63BF361E2FE6E10087F271 /* AppDelegate.swift */; };
		2B63BF391E2FE6E10087F271 /* ViewController.swift in Sources */ = {isa = PBXBuildFile; fileRef = 2B63BF381E2FE6E10087F271 /* ViewController.swift */; };
		2B63BF3C1E2FE6E10087F271 /* Main.storyboard in Resources */ = {isa = PBXBuildFile; fileRef = 2B63BF3A1E2FE6E10087F271 /* Main.storyboard */; };
		2B63BF3E1E2FE6E10087F271 /* Assets.xcassets in Resources */ = {isa = PBXBuildFile; fileRef = 2B63BF3D1E2FE6E10087F271 /* Assets.xcassets */; };
		2B63BF411E2FE6E10087F271 /* LaunchScreen.storyboard in Resources */ = {isa = PBXBuildFile; fileRef = 2B63BF3F1E2FE6E10087F271 /* LaunchScreen.storyboard */; };
/* End PBXBuildFile section */

/* Begin PBXFileReference section */
		2B63BF331E2FE6E10087F271 /* TDFacebookLogin.app */ = {isa = PBXFileReference; explicitFileType = wrapper.application; includeInIndex = 0; path = TDFacebookLogin.app; sourceTree = BUILT_PRODUCTS_DIR; };
		2B63BF361E2FE6E10087F271 /* AppDelegate.swift */ = {isa = PBXFileReference; lastKnownFileType = sourcecode.swift; path = AppDelegate.swift; sourceTree = "<group>"; };
		2B63BF381E2FE6E10087F271 /* ViewController.swift */ = {isa = PBXFileReference; lastKnownFileType = sourcecode.swift; path = ViewController.swift; sourceTree = "<group>"; };
		2B63BF3B1E2FE6E10087F271 /* Base */ = {isa = PBXFileReference; lastKnownFileType = file.storyboard; name = Base; path = Base.lproj/Main.storyboard; sourceTree = "<group>"; };
		2B63BF3D1E2FE6E10087F271 /* Assets.xcassets */ = {isa = PBXFileReference; lastKnownFileType = folder.assetcatalog; path = Assets.xcassets; sourceTree = "<group>"; };
		2B63BF401E2FE6E10087F271 /* Base */ = {isa = PBXFileReference; lastKnownFileType = file.storyboard; name = Base; path = Base.lproj/LaunchScreen.storyboard; sourceTree = "<group>"; };
		2B63BF421E2FE6E10087F271 /* Info.plist */ = {isa = PBXFileReference; lastKnownFileType = text.plist.xml; path = Info.plist; sourceTree = "<group>"; };
/* End PBXFileReference section */

/* Begin PBXFrameworksBuildPhase section */
		2B63BF301E2FE6E10087F271 /* Frameworks */ = {
			isa = PBXFrameworksBuildPhase;
			buildActionMask = 2147483647;
			files = (
			);
			runOnlyForDeploymentPostprocessing = 0;
		};
/* End PBXFrameworksBuildPhase section */

/* Begin PBXGroup section */
		2B63BF2A1E2FE6E10087F271 = {
			isa = PBXGroup;
			children = (
				2B63BF351E2FE6E10087F271 /* TDFacebookLogin */,
				2B63BF341E2FE6E10087F271 /* Products */,
			);
			sourceTree = "<group>";
		};
		2B63BF341E2FE6E10087F271 /* Products */ = {
			isa = PBXGroup;
			children = (
				2B63BF331E2FE6E10087F271 /* TDFacebookLogin.app */,
			);
			name = Products;
			sourceTree = "<group>";
		};
		2B63BF351E2FE6E10087F271 /* TDFacebookLogin */ = {
			isa = PBXGroup;
			children = (
				2B63BF361E2FE6E10087F271 /* AppDelegate.swift */,
				2B63BF381E2FE6E10087F271 /* ViewController.swift */,
				2B63BF3A1E2FE6E10087F271 /* Main.storyboard */,
				2B63BF3D1E2FE6E10087F271 /* Assets.xcassets */,
				2B63BF3F1E2FE6E10087F271 /* LaunchScreen.storyboard */,
				2B63BF421E2FE6E10087F271 /* Info.plist */,
			);
			path = TDFacebookLogin;
			sourceTree = "<group>";
		};
/* End PBXGroup section */

/* Begin PBXNativeTarget section */
		2B63BF321E2FE6E10087F271 /* TDFacebookLogin */ = {
			isa = PBXNativeTarget;
			buildConfigurationList = 2B63BF451E2FE6E10087F271 /* Build configuration list for PBXNativeTarget "TDFacebookLogin" */;
			buildPhases = (
				2B63BF2F1E2FE6E10087F271 /* Sources */,
				2B63BF301E2FE6E10087F271 /* Frameworks */,
				2B63BF311E2FE6E10087F271 /* Resources */,
			);
			buildRules = (
			);
			dependencies = (
			);
			name = TDFacebookLogin;
			productName = TDFacebookLogin;
			productReference = 2B63BF331E2FE6E10087F271 /* TDFacebookLogin.app */;
			productType = "com.apple.product-type.application";
		};
/* End PBXNativeTarget section */

/* Begin PBXProject section */
		2B63BF2B1E2FE6E10087F271 /* Project object */ = {
			isa = PBXProject;
			attributes = {
				LastSwiftUpdateCheck = 0810;
				LastUpgradeCheck = 0810;
				ORGANIZATIONNAME = "Teodor Dermendzhiev";
				TargetAttributes = {
					2B63BF321E2FE6E10087F271 = {
						CreatedOnToolsVersion = 8.1;
						DevelopmentTeam = H6KAAZFWNY;
						ProvisioningStyle = Automatic;
					};
				};
			};
			buildConfigurationList = 2B63BF2E1E2FE6E10087F271 /* Build configuration list for PBXProject "TDFacebookLogin" */;
			compatibilityVersion = "Xcode 3.2";
			developmentRegion = English;
			hasScannedForEncodings = 0;
			knownRegions = (
				en,
				Base,
			);
			mainGroup = 2B63BF2A1E2FE6E10087F271;
			productRefGroup = 2B63BF341E2FE6E10087F271 /* Products */;
			projectDirPath = "";
			projectRoot = "";
			targets = (
				2B63BF321E2FE6E10087F271 /* TDFacebookLogin */,
			);
		};
/* End PBXProject section */

/* Begin PBXResourcesBuildPhase section */
		2B63BF311E2FE6E10087F271 /* Resources */ = {
			isa = PBXResourcesBuildPhase;
			buildActionMask = 2147483647;
			files = (
				2B63BF411E2FE6E10087F271 /* LaunchScreen.storyboard in Resources */,
				2B63BF3E1E2FE6E10087F271 /* Assets.xcassets in Resources */,
				2B63BF3C1E2FE6E10087F271 /* Main.storyboard in Resources */,
			);
			runOnlyForDeploymentPostprocessing = 0;
		};
/* End PBXResourcesBuildPhase section */

/* Begin PBXSourcesBuildPhase section */
		2B63BF2F1E2FE6E10087F271 /* Sources */ = {
			isa = PBXSourcesBuildPhase;
			buildActionMask = 2147483647;
			files = (
				2B63BF391E2FE6E10087F271 /* ViewController.swift in Sources */,
				2B63BF371E2FE6E10087F271 /* AppDelegate.swift in Sources */,
			);
			runOnlyForDeploymentPostprocessing = 0;
		};
/* End PBXSourcesBuildPhase section */

/* Begin PBXVariantGroup section */
		2B63BF3A1E2FE6E10087F271 /* Main.storyboard */ = {
			isa = PBXVariantGroup;
			children = (
				2B63BF3B1E2FE6E10087F271 /* Base */,
			);
			name = Main.storyboard;
			sourceTree = "<group>";
		};
		2B63BF3F1E2FE6E10087F271 /* LaunchScreen.storyboard */ = {
			isa = PBXVariantGroup;
			children = (
				2B63BF401E2FE6E10087F271 /* Base */,
			);
			name = LaunchScreen.storyboard;
			sourceTree = "<group>";
		};
/* End PBXVariantGroup section */

/* Begin XCBuildConfiguration section */
		2B63BF431E2FE6E10087F271 /* Debug */ = {
			isa = XCBuildConfiguration;
			buildSettings = {
				ALWAYS_SEARCH_USER_PATHS = NO;
				CLANG_ANALYZER_NONNULL = YES;
				CLANG_CXX_LANGUAGE_STANDARD = "gnu++0x";
				CLANG_CXX_LIBRARY = "libc++";
				CLANG_ENABLE_MODULES = YES;
				CLANG_ENABLE_OBJC_ARC = YES;
				CLANG_WARN_BOOL_CONVERSION = YES;
				CLANG_WARN_CONSTANT_CONVERSION = YES;
				CLANG_WARN_DIRECT_OBJC_ISA_USAGE = YES_ERROR;
				CLANG_WARN_DOCUMENTATION_COMMENTS = YES;
				CLANG_WARN_EMPTY_BODY = YES;
				CLANG_WARN_ENUM_CONVERSION = YES;
				CLANG_WARN_INFINITE_RECURSION = YES;
				CLANG_WARN_INT_CONVERSION = YES;
				CLANG_WARN_OBJC_ROOT_CLASS = YES_ERROR;
				CLANG_WARN_SUSPICIOUS_MOVES = YES;
				CLANG_WARN_UNREACHABLE_CODE = YES;
				CLANG_WARN__DUPLICATE_METHOD_MATCH = YES;
				"CODE_SIGN_IDENTITY[sdk=iphoneos*]" = "iPhone Developer";
				COPY_PHASE_STRIP = NO;
				DEBUG_INFORMATION_FORMAT = dwarf;
				ENABLE_STRICT_OBJC_MSGSEND = YES;
				ENABLE_TESTABILITY = YES;
				GCC_C_LANGUAGE_STANDARD = gnu99;
				GCC_DYNAMIC_NO_PIC = NO;
				GCC_NO_COMMON_BLOCKS = YES;
				GCC_OPTIMIZATION_LEVEL = 0;
				GCC_PREPROCESSOR_DEFINITIONS = (
					"DEBUG=1",
					"$(inherited)",
				);
				GCC_WARN_64_TO_32_BIT_CONVERSION = YES;
				GCC_WARN_ABOUT_RETURN_TYPE = YES_ERROR;
				GCC_WARN_UNDECLARED_SELECTOR = YES;
				GCC_WARN_UNINITIALIZED_AUTOS = YES_AGGRESSIVE;
				GCC_WARN_UNUSED_FUNCTION = YES;
				GCC_WARN_UNUSED_VARIABLE = YES;
				IPHONEOS_DEPLOYMENT_TARGET = 10.1;
				MTL_ENABLE_DEBUG_INFO = YES;
				ONLY_ACTIVE_ARCH = YES;
				SDKROOT = iphoneos;
				SWIFT_ACTIVE_COMPILATION_CONDITIONS = DEBUG;
				SWIFT_OPTIMIZATION_LEVEL = "-Onone";
				TARGETED_DEVICE_FAMILY = "1,2";
			};
			name = Debug;
		};
		2B63BF441E2FE6E10087F271 /* Release */ = {
			isa = XCBuildConfiguration;
			buildSettings = {
				ALWAYS_SEARCH_USER_PATHS = NO;
				CLANG_ANALYZER_NONNULL = YES;
				CLANG_CXX_LANGUAGE_STANDARD = "gnu++0x";
				CLANG_CXX_LIBRARY = "libc++";
				CLANG_ENABLE_MODULES = YES;
				CLANG_ENABLE_OBJC_ARC = YES;
				CLANG_WARN_BOOL_CONVERSION = YES;
				CLANG_WARN_CONSTANT_CONVERSION = YES;
				CLANG_WARN_DIRECT_OBJC_ISA_USAGE = YES_ERROR;
				CLANG_WARN_DOCUMENTATION_COMMENTS = YES;
				CLANG_WARN_EMPTY_BODY = YES;
				CLANG_WARN_ENUM_CONVERSION = YES;
				CLANG_WARN_INFINITE_RECURSION = YES;
				CLANG_WARN_INT_CONVERSION = YES;
				CLANG_WARN_OBJC_ROOT_CLASS = YES_ERROR;
				CLANG_WARN_SUSPICIOUS_MOVES = YES;
				CLANG_WARN_UNREACHABLE_CODE = YES;
				CLANG_WARN__DUPLICATE_METHOD_MATCH = YES;
				"CODE_SIGN_IDENTITY[sdk=iphoneos*]" = "iPhone Developer";
				COPY_PHASE_STRIP = NO;
				DEBUG_INFORMATION_FORMAT = "dwarf-with-dsym";
				ENABLE_NS_ASSERTIONS = NO;
				ENABLE_STRICT_OBJC_MSGSEND = YES;
				GCC_C_LANGUAGE_STANDARD = gnu99;
				GCC_NO_COMMON_BLOCKS = YES;
				GCC_WARN_64_TO_32_BIT_CONVERSION = YES;
				GCC_WARN_ABOUT_RETURN_TYPE = YES_ERROR;
				GCC_WARN_UNDECLARED_SELECTOR = YES;
				GCC_WARN_UNINITIALIZED_AUTOS = YES_AGGRESSIVE;
				GCC_WARN_UNUSED_FUNCTION = YES;
				GCC_WARN_UNUSED_VARIABLE = YES;
				IPHONEOS_DEPLOYMENT_TARGET = 10.1;
				MTL_ENABLE_DEBUG_INFO = NO;
				SDKROOT = iphoneos;
				SWIFT_OPTIMIZATION_LEVEL = "-Owholemodule";
				TARGETED_DEVICE_FAMILY = "1,2";
				VALIDATE_PRODUCT = YES;
			};
			name = Release;
		};
		2B63BF461E2FE6E10087F271 /* Debug */ = {
			isa = XCBuildConfiguration;
			buildSettings = {
				ASSETCATALOG_COMPILER_APPICON_NAME = AppIcon;
				DEVELOPMENT_TEAM = H6KAAZFWNY;
				INFOPLIST_FILE = TDFacebookLogin/Info.plist;
				LD_RUNPATH_SEARCH_PATHS = "$(inherited) @executable_path/Frameworks";
				PRODUCT_BUNDLE_IDENTIFIER = com.tdermendjiev.TDFacebookLogin;
				PRODUCT_NAME = "$(TARGET_NAME)";
				SWIFT_VERSION = 3.0;
			};
			name = Debug;
		};
		2B63BF471E2FE6E10087F271 /* Release */ = {
			isa = XCBuildConfiguration;
			buildSettings = {
				ASSETCATALOG_COMPILER_APPICON_NAME = AppIcon;
				DEVELOPMENT_TEAM = H6KAAZFWNY;
				INFOPLIST_FILE = TDFacebookLogin/Info.plist;
				LD_RUNPATH_SEARCH_PATHS = "$(inherited) @executable_path/Frameworks";
				PRODUCT_BUNDLE_IDENTIFIER = com.tdermendjiev.TDFacebookLogin;
				PRODUCT_NAME = "$(TARGET_NAME)";
				SWIFT_VERSION = 3.0;
			};
			name = Release;
		};
/* End XCBuildConfiguration section */

/* Begin XCConfigurationList section */
		2B63BF2E1E2FE6E10087F271 /* Build configuration list for PBXProject "TDFacebookLogin" */ = {
			isa = XCConfigurationList;
			buildConfigurations = (
				2B63BF431E2FE6E10087F271 /* Debug */,
				2B63BF441E2FE6E10087F271 /* Release */,
			);
			defaultConfigurationIsVisible = 0;
			defaultConfigurationName = Release;
		};
		2B63BF451E2FE6E10087F271 /* Build configuration list for PBXNativeTarget "TDFacebookLogin" */ = {
			isa = XCConfigurationList;
			buildConfigurations = (
				2B63BF461E2FE6E10087F271 /* Debug */,
				2B63BF471E2FE6E10087F271 /* Release */,
			);
			defaultConfigurationIsVisible = 0;
		};
/* End XCConfigurationList section */
	};
	rootObject = 2B63BF2B1E2FE6E10087F271 /* Project object */;
}
