// !$*UTF8*$!
{
	archiveVersion = 1;
	classes = {
	};
	objectVersion = 46;
	objects = {

/* Begin PBXBuildFile section */
		2B63BF371E2FE6E10087F271 /* AppDelegate.swift in Sources */ = {isa = PBXBuildFile; fileRef = 2B63BF361E2FE6E10087F271 /* AppDelegate.swift */; };
		2B63BF3E1E2FE6E10087F271 /* Assets.xcassets in Resources */ = {isa = PBXBuildFile; fileRef = 2B63BF3D1E2FE6E10087F271 /* Assets.xcassets */; };
		2B63BF411E2FE6E10087F271 /* LaunchScreen.storyboard in Resources */ = {isa = PBXBuildFile; fileRef = 2B63BF3F1E2FE6E10087F271 /* LaunchScreen.storyboard */; };
		2B63BF4D1E2FE73E0087F271 /* Authentication.storyboard in Resources */ = {isa = PBXBuildFile; fileRef = 2B63BF4C1E2FE73E0087F271 /* Authentication.storyboard */; };
		2B63BF4F1E2FE7600087F271 /* Podfile in Resources */ = {isa = PBXBuildFile; fileRef = 2B63BF4E1E2FE7600087F271 /* Podfile */; };
		2B63BF551E2FE90E0087F271 /* BaseViewModel.swift in Sources */ = {isa = PBXBuildFile; fileRef = 2B63BF541E2FE90E0087F271 /* BaseViewModel.swift */; };
		2B63BF581E2FE94E0087F271 /* Profile.storyboard in Resources */ = {isa = PBXBuildFile; fileRef = 2B63BF571E2FE94E0087F271 /* Profile.storyboard */; };
		2B63BF641E2FF0520087F271 /* Bolts.framework in Frameworks */ = {isa = PBXBuildFile; fileRef = 2B63BF611E2FF0520087F271 /* Bolts.framework */; };
		2B63BF651E2FF0520087F271 /* FBSDKCoreKit.framework in Frameworks */ = {isa = PBXBuildFile; fileRef = 2B63BF621E2FF0520087F271 /* FBSDKCoreKit.framework */; };
		2B63BF661E2FF0520087F271 /* FBSDKLoginKit.framework in Frameworks */ = {isa = PBXBuildFile; fileRef = 2B63BF631E2FF0520087F271 /* FBSDKLoginKit.framework */; };
		2B63BF681E2FF1C10087F271 /* ProfileViewController.swift in Sources */ = {isa = PBXBuildFile; fileRef = 2B63BF671E2FF1C10087F271 /* ProfileViewController.swift */; };
		2B63BF6A1E2FF3210087F271 /* AuthenticationViewController.swift in Sources */ = {isa = PBXBuildFile; fileRef = 2B63BF691E2FF3210087F271 /* AuthenticationViewController.swift */; };
		2B63BF6C1E2FF3A90087F271 /* AuthenticationRouter.swift in Sources */ = {isa = PBXBuildFile; fileRef = 2B63BF6B1E2FF3A90087F271 /* AuthenticationRouter.swift */; };
		2B63BF6F1E300D770087F271 /* ProfileViewModel.swift in Sources */ = {isa = PBXBuildFile; fileRef = 2B63BF6E1E300D770087F271 /* ProfileViewModel.swift */; };
		2B63BF721E300DBD0087F271 /* User.swift in Sources */ = {isa = PBXBuildFile; fileRef = 2B63BF711E300DBD0087F271 /* User.swift */; };
		2B63BF751E300E9C0087F271 /* StorageInteractor.swift in Sources */ = {isa = PBXBuildFile; fileRef = 2B63BF741E300E9C0087F271 /* StorageInteractor.swift */; };
		2B63BF771E300EEC0087F271 /* FBDataInteractor.swift in Sources */ = {isa = PBXBuildFile; fileRef = 2B63BF761E300EEC0087F271 /* FBDataInteractor.swift */; };
		2B63BF791E300FC30087F271 /* MainAPI.swift in Sources */ = {isa = PBXBuildFile; fileRef = 2B63BF781E300FC30087F271 /* MainAPI.swift */; };
		2B63BF7B1E3010480087F271 /* PersistencyManager.swift in Sources */ = {isa = PBXBuildFile; fileRef = 2B63BF7A1E3010480087F271 /* PersistencyManager.swift */; };
		C0811819FD15ABB1BB10D00A /* Pods_TDFacebookLogin.framework in Frameworks */ = {isa = PBXBuildFile; fileRef = 7DCE439D7F626761852472C6 /* Pods_TDFacebookLogin.framework */; };
/* End PBXBuildFile section */

/* Begin PBXFileReference section */
		2B63BF331E2FE6E10087F271 /* TDFacebookLogin.app */ = {isa = PBXFileReference; explicitFileType = wrapper.application; includeInIndex = 0; path = TDFacebookLogin.app; sourceTree = BUILT_PRODUCTS_DIR; };
		2B63BF361E2FE6E10087F271 /* AppDelegate.swift */ = {isa = PBXFileReference; lastKnownFileType = sourcecode.swift; path = AppDelegate.swift; sourceTree = "<group>"; };
		2B63BF3D1E2FE6E10087F271 /* Assets.xcassets */ = {isa = PBXFileReference; lastKnownFileType = folder.assetcatalog; path = Assets.xcassets; sourceTree = "<group>"; };
		2B63BF401E2FE6E10087F271 /* Base */ = {isa = PBXFileReference; lastKnownFileType = file.storyboard; name = Base; path = Base.lproj/LaunchScreen.storyboard; sourceTree = "<group>"; };
		2B63BF421E2FE6E10087F271 /* Info.plist */ = {isa = PBXFileReference; lastKnownFileType = text.plist.xml; path = Info.plist; sourceTree = "<group>"; };
		2B63BF4C1E2FE73E0087F271 /* Authentication.storyboard */ = {isa = PBXFileReference; fileEncoding = 4; lastKnownFileType = file.storyboard; path = Authentication.storyboard; sourceTree = "<group>"; };
		2B63BF4E1E2FE7600087F271 /* Podfile */ = {isa = PBXFileReference; fileEncoding = 4; lastKnownFileType = text; path = Podfile; sourceTree = "<group>"; xcLanguageSpecificationIdentifier = xcode.lang.ruby; };
		2B63BF541E2FE90E0087F271 /* BaseViewModel.swift */ = {isa = PBXFileReference; fileEncoding = 4; lastKnownFileType = sourcecode.swift; path = BaseViewModel.swift; sourceTree = "<group>"; };
		2B63BF571E2FE94E0087F271 /* Profile.storyboard */ = {isa = PBXFileReference; fileEncoding = 4; lastKnownFileType = file.storyboard; path = Profile.storyboard; sourceTree = "<group>"; };
		2B63BF611E2FF0520087F271 /* Bolts.framework */ = {isa = PBXFileReference; lastKnownFileType = wrapper.framework; path = Bolts.framework; sourceTree = "<group>"; };
		2B63BF621E2FF0520087F271 /* FBSDKCoreKit.framework */ = {isa = PBXFileReference; lastKnownFileType = wrapper.framework; path = FBSDKCoreKit.framework; sourceTree = "<group>"; };
		2B63BF631E2FF0520087F271 /* FBSDKLoginKit.framework */ = {isa = PBXFileReference; lastKnownFileType = wrapper.framework; path = FBSDKLoginKit.framework; sourceTree = "<group>"; };
		2B63BF671E2FF1C10087F271 /* ProfileViewController.swift */ = {isa = PBXFileReference; fileEncoding = 4; lastKnownFileType = sourcecode.swift; path = ProfileViewController.swift; sourceTree = "<group>"; };
		2B63BF691E2FF3210087F271 /* AuthenticationViewController.swift */ = {isa = PBXFileReference; fileEncoding = 4; lastKnownFileType = sourcecode.swift; path = AuthenticationViewController.swift; sourceTree = "<group>"; };
		2B63BF6B1E2FF3A90087F271 /* AuthenticationRouter.swift */ = {isa = PBXFileReference; fileEncoding = 4; lastKnownFileType = sourcecode.swift; path = AuthenticationRouter.swift; sourceTree = "<group>"; };
		2B63BF6D1E2FF84A0087F271 /* TDFacebookLogin.entitlements */ = {isa = PBXFileReference; lastKnownFileType = text.plist.entitlements; path = TDFacebookLogin.entitlements; sourceTree = "<group>"; };
		2B63BF6E1E300D770087F271 /* ProfileViewModel.swift */ = {isa = PBXFileReference; fileEncoding = 4; lastKnownFileType = sourcecode.swift; path = ProfileViewModel.swift; sourceTree = "<group>"; };
		2B63BF711E300DBD0087F271 /* User.swift */ = {isa = PBXFileReference; fileEncoding = 4; lastKnownFileType = sourcecode.swift; path = User.swift; sourceTree = "<group>"; };
		2B63BF741E300E9C0087F271 /* StorageInteractor.swift */ = {isa = PBXFileReference; fileEncoding = 4; lastKnownFileType = sourcecode.swift; path = StorageInteractor.swift; sourceTree = "<group>"; };
		2B63BF761E300EEC0087F271 /* FBDataInteractor.swift */ = {isa = PBXFileReference; fileEncoding = 4; lastKnownFileType = sourcecode.swift; path = FBDataInteractor.swift; sourceTree = "<group>"; };
		2B63BF781E300FC30087F271 /* MainAPI.swift */ = {isa = PBXFileReference; fileEncoding = 4; lastKnownFileType = sourcecode.swift; path = MainAPI.swift; sourceTree = "<group>"; };
		2B63BF7A1E3010480087F271 /* PersistencyManager.swift */ = {isa = PBXFileReference; fileEncoding = 4; lastKnownFileType = sourcecode.swift; path = PersistencyManager.swift; sourceTree = "<group>"; };
		4304A97206315C09DF3C51C0 /* Pods-TDFacebookLogin.release.xcconfig */ = {isa = PBXFileReference; includeInIndex = 1; lastKnownFileType = text.xcconfig; name = "Pods-TDFacebookLogin.release.xcconfig"; path = "Pods/Target Support Files/Pods-TDFacebookLogin/Pods-TDFacebookLogin.release.xcconfig"; sourceTree = "<group>"; };
		7DCE439D7F626761852472C6 /* Pods_TDFacebookLogin.framework */ = {isa = PBXFileReference; explicitFileType = wrapper.framework; includeInIndex = 0; path = Pods_TDFacebookLogin.framework; sourceTree = BUILT_PRODUCTS_DIR; };
		EFFBB94F361109667147DE2C /* Pods-TDFacebookLogin.debug.xcconfig */ = {isa = PBXFileReference; includeInIndex = 1; lastKnownFileType = text.xcconfig; name = "Pods-TDFacebookLogin.debug.xcconfig"; path = "Pods/Target Support Files/Pods-TDFacebookLogin/Pods-TDFacebookLogin.debug.xcconfig"; sourceTree = "<group>"; };
/* End PBXFileReference section */

/* Begin PBXFrameworksBuildPhase section */
		2B63BF301E2FE6E10087F271 /* Frameworks */ = {
			isa = PBXFrameworksBuildPhase;
			buildActionMask = 2147483647;
			files = (
				C0811819FD15ABB1BB10D00A /* Pods_TDFacebookLogin.framework in Frameworks */,
				2B63BF651E2FF0520087F271 /* FBSDKCoreKit.framework in Frameworks */,
				2B63BF661E2FF0520087F271 /* FBSDKLoginKit.framework in Frameworks */,
				2B63BF641E2FF0520087F271 /* Bolts.framework in Frameworks */,
			);
			runOnlyForDeploymentPostprocessing = 0;
		};
/* End PBXFrameworksBuildPhase section */

/* Begin PBXGroup section */
		07D8472622E8A6C6BACC9A6F /* Pods */ = {
			isa = PBXGroup;
			children = (
				EFFBB94F361109667147DE2C /* Pods-TDFacebookLogin.debug.xcconfig */,
				4304A97206315C09DF3C51C0 /* Pods-TDFacebookLogin.release.xcconfig */,
			);
			name = Pods;
			sourceTree = "<group>";
		};
		2B63BF2A1E2FE6E10087F271 = {
			isa = PBXGroup;
			children = (
				2B63BF4E1E2FE7600087F271 /* Podfile */,
				2B63BF351E2FE6E10087F271 /* TDFacebookLogin */,
				2B63BF341E2FE6E10087F271 /* Products */,
				07D8472622E8A6C6BACC9A6F /* Pods */,
				F6465227B9020714C204D29B /* Frameworks */,
			);
			sourceTree = "<group>";
		};
		2B63BF341E2FE6E10087F271 /* Products */ = {
			isa = PBXGroup;
			children = (
				2B63BF331E2FE6E10087F271 /* TDFacebookLogin.app */,
			);
			name = Products;
			sourceTree = "<group>";
		};
		2B63BF351E2FE6E10087F271 /* TDFacebookLogin */ = {
			isa = PBXGroup;
			children = (
				2B63BF731E300E790087F271 /* API */,
				2B63BF701E300DA10087F271 /* Models */,
				2B63BF6D1E2FF84A0087F271 /* TDFacebookLogin.entitlements */,
				2B63BF4A1E2FE7060087F271 /* Authentication */,
				2B63BF491E2FE6F90087F271 /* Profile */,
				2B63BF481E2FE6F10087F271 /* Utils */,
				2B63BF361E2FE6E10087F271 /* AppDelegate.swift */,
				2B63BF3D1E2FE6E10087F271 /* Assets.xcassets */,
				2B63BF3F1E2FE6E10087F271 /* LaunchScreen.storyboard */,
				2B63BF421E2FE6E10087F271 /* Info.plist */,
			);
			path = TDFacebookLogin;
			sourceTree = "<group>";
		};
		2B63BF481E2FE6F10087F271 /* Utils */ = {
			isa = PBXGroup;
			children = (
				2B63BF541E2FE90E0087F271 /* BaseViewModel.swift */,
			);
			name = Utils;
			sourceTree = "<group>";
		};
		2B63BF491E2FE6F90087F271 /* Profile */ = {
			isa = PBXGroup;
			children = (
				2B63BF561E2FE93E0087F271 /* Storyboards */,
				2B63BF671E2FF1C10087F271 /* ProfileViewController.swift */,
				2B63BF6E1E300D770087F271 /* ProfileViewModel.swift */,
			);
			name = Profile;
			sourceTree = "<group>";
		};
		2B63BF4A1E2FE7060087F271 /* Authentication */ = {
			isa = PBXGroup;
			children = (
				2B63BF4B1E2FE72F0087F271 /* Storyboards */,
				2B63BF691E2FF3210087F271 /* AuthenticationViewController.swift */,
				2B63BF6B1E2FF3A90087F271 /* AuthenticationRouter.swift */,
			);
			name = Authentication;
			sourceTree = "<group>";
		};
		2B63BF4B1E2FE72F0087F271 /* Storyboards */ = {
			isa = PBXGroup;
			children = (
				2B63BF4C1E2FE73E0087F271 /* Authentication.storyboard */,
			);
			name = Storyboards;
			sourceTree = "<group>";
		};
		2B63BF561E2FE93E0087F271 /* Storyboards */ = {
			isa = PBXGroup;
			children = (
				2B63BF571E2FE94E0087F271 /* Profile.storyboard */,
			);
			name = Storyboards;
			sourceTree = "<group>";
		};
		2B63BF701E300DA10087F271 /* Models */ = {
			isa = PBXGroup;
			children = (
				2B63BF711E300DBD0087F271 /* User.swift */,
			);
			name = Models;
			sourceTree = "<group>";
		};
		2B63BF731E300E790087F271 /* API */ = {
			isa = PBXGroup;
			children = (
				2B63BF741E300E9C0087F271 /* StorageInteractor.swift */,
				2B63BF761E300EEC0087F271 /* FBDataInteractor.swift */,
				2B63BF7A1E3010480087F271 /* PersistencyManager.swift */,
				2B63BF781E300FC30087F271 /* MainAPI.swift */,
			);
			name = API;
			sourceTree = "<group>";
		};
		F6465227B9020714C204D29B /* Frameworks */ = {
			isa = PBXGroup;
			children = (
				2B63BF611E2FF0520087F271 /* Bolts.framework */,
				2B63BF621E2FF0520087F271 /* FBSDKCoreKit.framework */,
				2B63BF631E2FF0520087F271 /* FBSDKLoginKit.framework */,
				7DCE439D7F626761852472C6 /* Pods_TDFacebookLogin.framework */,
			);
			name = Frameworks;
			sourceTree = "<group>";
		};
/* End PBXGroup section */

/* Begin PBXNativeTarget section */
		2B63BF321E2FE6E10087F271 /* TDFacebookLogin */ = {
			isa = PBXNativeTarget;
			buildConfigurationList = 2B63BF451E2FE6E10087F271 /* Build configuration list for PBXNativeTarget "TDFacebookLogin" */;
			buildPhases = (
				E6DFE40CD2AE5390ACFA9F3B /* [CP] Check Pods Manifest.lock */,
				2B63BF2F1E2FE6E10087F271 /* Sources */,
				2B63BF301E2FE6E10087F271 /* Frameworks */,
				2B63BF311E2FE6E10087F271 /* Resources */,
				3846045519B42EAA83A13309 /* [CP] Embed Pods Frameworks */,
				B987C814280F83ABB7425D0A /* [CP] Copy Pods Resources */,
			);
			buildRules = (
			);
			dependencies = (
			);
			name = TDFacebookLogin;
			productName = TDFacebookLogin;
			productReference = 2B63BF331E2FE6E10087F271 /* TDFacebookLogin.app */;
			productType = "com.apple.product-type.application";
		};
/* End PBXNativeTarget section */

/* Begin PBXProject section */
		2B63BF2B1E2FE6E10087F271 /* Project object */ = {
			isa = PBXProject;
			attributes = {
				LastSwiftUpdateCheck = 0810;
				LastUpgradeCheck = 0810;
				ORGANIZATIONNAME = "Teodor Dermendzhiev";
				TargetAttributes = {
					2B63BF321E2FE6E10087F271 = {
						CreatedOnToolsVersion = 8.1;
						DevelopmentTeam = H6KAAZFWNY;
						ProvisioningStyle = Automatic;
						SystemCapabilities = {
							com.apple.Keychain = {
								enabled = 1;
							};
						};
					};
				};
			};
			buildConfigurationList = 2B63BF2E1E2FE6E10087F271 /* Build configuration list for PBXProject "TDFacebookLogin" */;
			compatibilityVersion = "Xcode 3.2";
			developmentRegion = English;
			hasScannedForEncodings = 0;
			knownRegions = (
				en,
				Base,
			);
			mainGroup = 2B63BF2A1E2FE6E10087F271;
			productRefGroup = 2B63BF341E2FE6E10087F271 /* Products */;
			projectDirPath = "";
			projectRoot = "";
			targets = (
				2B63BF321E2FE6E10087F271 /* TDFacebookLogin */,
			);
		};
/* End PBXProject section */

/* Begin PBXResourcesBuildPhase section */
		2B63BF311E2FE6E10087F271 /* Resources */ = {
			isa = PBXResourcesBuildPhase;
			buildActionMask = 2147483647;
			files = (
				2B63BF581E2FE94E0087F271 /* Profile.storyboard in Resources */,
				2B63BF4F1E2FE7600087F271 /* Podfile in Resources */,
				2B63BF4D1E2FE73E0087F271 /* Authentication.storyboard in Resources */,
				2B63BF411E2FE6E10087F271 /* LaunchScreen.storyboard in Resources */,
				2B63BF3E1E2FE6E10087F271 /* Assets.xcassets in Resources */,
			);
			runOnlyForDeploymentPostprocessing = 0;
		};
/* End PBXResourcesBuildPhase section */

/* Begin PBXShellScriptBuildPhase section */
		3846045519B42EAA83A13309 /* [CP] Embed Pods Frameworks */ = {
			isa = PBXShellScriptBuildPhase;
			buildActionMask = 2147483647;
			files = (
			);
			inputPaths = (
			);
			name = "[CP] Embed Pods Frameworks";
			outputPaths = (
			);
			runOnlyForDeploymentPostprocessing = 0;
			shellPath = /bin/sh;
			shellScript = "\"${SRCROOT}/Pods/Target Support Files/Pods-TDFacebookLogin/Pods-TDFacebookLogin-frameworks.sh\"\n";
			showEnvVarsInLog = 0;
		};
		B987C814280F83ABB7425D0A /* [CP] Copy Pods Resources */ = {
			isa = PBXShellScriptBuildPhase;
			buildActionMask = 2147483647;
			files = (
			);
			inputPaths = (
			);
			name = "[CP] Copy Pods Resources";
			outputPaths = (
			);
			runOnlyForDeploymentPostprocessing = 0;
			shellPath = /bin/sh;
			shellScript = "\"${SRCROOT}/Pods/Target Support Files/Pods-TDFacebookLogin/Pods-TDFacebookLogin-resources.sh\"\n";
			showEnvVarsInLog = 0;
		};
		E6DFE40CD2AE5390ACFA9F3B /* [CP] Check Pods Manifest.lock */ = {
			isa = PBXShellScriptBuildPhase;
			buildActionMask = 2147483647;
			files = (
			);
			inputPaths = (
			);
			name = "[CP] Check Pods Manifest.lock";
			outputPaths = (
			);
			runOnlyForDeploymentPostprocessing = 0;
			shellPath = /bin/sh;
			shellScript = "diff \"${PODS_ROOT}/../Podfile.lock\" \"${PODS_ROOT}/Manifest.lock\" > /dev/null\nif [[ $? != 0 ]] ; then\n    cat << EOM\nerror: The sandbox is not in sync with the Podfile.lock. Run 'pod install' or update your CocoaPods installation.\nEOM\n    exit 1\nfi\n";
			showEnvVarsInLog = 0;
		};
/* End PBXShellScriptBuildPhase section */

/* Begin PBXSourcesBuildPhase section */
		2B63BF2F1E2FE6E10087F271 /* Sources */ = {
			isa = PBXSourcesBuildPhase;
			buildActionMask = 2147483647;
			files = (
				2B63BF681E2FF1C10087F271 /* ProfileViewController.swift in Sources */,
				2B63BF791E300FC30087F271 /* MainAPI.swift in Sources */,
				2B63BF771E300EEC0087F271 /* FBDataInteractor.swift in Sources */,
				2B63BF551E2FE90E0087F271 /* BaseViewModel.swift in Sources */,
				2B63BF6F1E300D770087F271 /* ProfileViewModel.swift in Sources */,
				2B63BF6A1E2FF3210087F271 /* AuthenticationViewController.swift in Sources */,
				2B63BF6C1E2FF3A90087F271 /* AuthenticationRouter.swift in Sources */,
				2B63BF751E300E9C0087F271 /* StorageInteractor.swift in Sources */,
				2B63BF721E300DBD0087F271 /* User.swift in Sources */,
				2B63BF371E2FE6E10087F271 /* AppDelegate.swift in Sources */,
				2B63BF7B1E3010480087F271 /* PersistencyManager.swift in Sources */,
			);
			runOnlyForDeploymentPostprocessing = 0;
		};
/* End PBXSourcesBuildPhase section */

/* Begin PBXVariantGroup section */
		2B63BF3F1E2FE6E10087F271 /* LaunchScreen.storyboard */ = {
			isa = PBXVariantGroup;
			children = (
				2B63BF401E2FE6E10087F271 /* Base */,
			);
			name = LaunchScreen.storyboard;
			sourceTree = "<group>";
		};
/* End PBXVariantGroup section */

/* Begin XCBuildConfiguration section */
		2B63BF431E2FE6E10087F271 /* Debug */ = {
			isa = XCBuildConfiguration;
			buildSettings = {
				ALWAYS_SEARCH_USER_PATHS = NO;
				CLANG_ANALYZER_NONNULL = YES;
				CLANG_CXX_LANGUAGE_STANDARD = "gnu++0x";
				CLANG_CXX_LIBRARY = "libc++";
				CLANG_ENABLE_MODULES = YES;
				CLANG_ENABLE_OBJC_ARC = YES;
				CLANG_WARN_BOOL_CONVERSION = YES;
				CLANG_WARN_CONSTANT_CONVERSION = YES;
				CLANG_WARN_DIRECT_OBJC_ISA_USAGE = YES_ERROR;
				CLANG_WARN_DOCUMENTATION_COMMENTS = YES;
				CLANG_WARN_EMPTY_BODY = YES;
				CLANG_WARN_ENUM_CONVERSION = YES;
				CLANG_WARN_INFINITE_RECURSION = YES;
				CLANG_WARN_INT_CONVERSION = YES;
				CLANG_WARN_OBJC_ROOT_CLASS = YES_ERROR;
				CLANG_WARN_SUSPICIOUS_MOVES = YES;
				CLANG_WARN_UNREACHABLE_CODE = YES;
				CLANG_WARN__DUPLICATE_METHOD_MATCH = YES;
				"CODE_SIGN_IDENTITY[sdk=iphoneos*]" = "iPhone Developer";
				COPY_PHASE_STRIP = NO;
				DEBUG_INFORMATION_FORMAT = dwarf;
				ENABLE_STRICT_OBJC_MSGSEND = YES;
				ENABLE_TESTABILITY = YES;
				GCC_C_LANGUAGE_STANDARD = gnu99;
				GCC_DYNAMIC_NO_PIC = NO;
				GCC_NO_COMMON_BLOCKS = YES;
				GCC_OPTIMIZATION_LEVEL = 0;
				GCC_PREPROCESSOR_DEFINITIONS = (
					"DEBUG=1",
					"$(inherited)",
				);
				GCC_WARN_64_TO_32_BIT_CONVERSION = YES;
				GCC_WARN_ABOUT_RETURN_TYPE = YES_ERROR;
				GCC_WARN_UNDECLARED_SELECTOR = YES;
				GCC_WARN_UNINITIALIZED_AUTOS = YES_AGGRESSIVE;
				GCC_WARN_UNUSED_FUNCTION = YES;
				GCC_WARN_UNUSED_VARIABLE = YES;
				IPHONEOS_DEPLOYMENT_TARGET = 10.1;
				MTL_ENABLE_DEBUG_INFO = YES;
				ONLY_ACTIVE_ARCH = YES;
				SDKROOT = iphoneos;
				SWIFT_ACTIVE_COMPILATION_CONDITIONS = DEBUG;
				SWIFT_OPTIMIZATION_LEVEL = "-Onone";
				TARGETED_DEVICE_FAMILY = "1,2";
			};
			name = Debug;
		};
		2B63BF441E2FE6E10087F271 /* Release */ = {
			isa = XCBuildConfiguration;
			buildSettings = {
				ALWAYS_SEARCH_USER_PATHS = NO;
				CLANG_ANALYZER_NONNULL = YES;
				CLANG_CXX_LANGUAGE_STANDARD = "gnu++0x";
				CLANG_CXX_LIBRARY = "libc++";
				CLANG_ENABLE_MODULES = YES;
				CLANG_ENABLE_OBJC_ARC = YES;
				CLANG_WARN_BOOL_CONVERSION = YES;
				CLANG_WARN_CONSTANT_CONVERSION = YES;
				CLANG_WARN_DIRECT_OBJC_ISA_USAGE = YES_ERROR;
				CLANG_WARN_DOCUMENTATION_COMMENTS = YES;
				CLANG_WARN_EMPTY_BODY = YES;
				CLANG_WARN_ENUM_CONVERSION = YES;
				CLANG_WARN_INFINITE_RECURSION = YES;
				CLANG_WARN_INT_CONVERSION = YES;
				CLANG_WARN_OBJC_ROOT_CLASS = YES_ERROR;
				CLANG_WARN_SUSPICIOUS_MOVES = YES;
				CLANG_WARN_UNREACHABLE_CODE = YES;
				CLANG_WARN__DUPLICATE_METHOD_MATCH = YES;
				"CODE_SIGN_IDENTITY[sdk=iphoneos*]" = "iPhone Developer";
				COPY_PHASE_STRIP = NO;
				DEBUG_INFORMATION_FORMAT = "dwarf-with-dsym";
				ENABLE_NS_ASSERTIONS = NO;
				ENABLE_STRICT_OBJC_MSGSEND = YES;
				GCC_C_LANGUAGE_STANDARD = gnu99;
				GCC_NO_COMMON_BLOCKS = YES;
				GCC_WARN_64_TO_32_BIT_CONVERSION = YES;
				GCC_WARN_ABOUT_RETURN_TYPE = YES_ERROR;
				GCC_WARN_UNDECLARED_SELECTOR = YES;
				GCC_WARN_UNINITIALIZED_AUTOS = YES_AGGRESSIVE;
				GCC_WARN_UNUSED_FUNCTION = YES;
				GCC_WARN_UNUSED_VARIABLE = YES;
				IPHONEOS_DEPLOYMENT_TARGET = 10.1;
				MTL_ENABLE_DEBUG_INFO = NO;
				SDKROOT = iphoneos;
				SWIFT_OPTIMIZATION_LEVEL = "-Owholemodule";
				TARGETED_DEVICE_FAMILY = "1,2";
				VALIDATE_PRODUCT = YES;
			};
			name = Release;
		};
		2B63BF461E2FE6E10087F271 /* Debug */ = {
			isa = XCBuildConfiguration;
			baseConfigurationReference = EFFBB94F361109667147DE2C /* Pods-TDFacebookLogin.debug.xcconfig */;
			buildSettings = {
				ASSETCATALOG_COMPILER_APPICON_NAME = AppIcon;
				CODE_SIGN_ENTITLEMENTS = TDFacebookLogin/TDFacebookLogin.entitlements;
				DEVELOPMENT_TEAM = H6KAAZFWNY;
				FRAMEWORK_SEARCH_PATHS = (
					"$(inherited)",
					"$(PROJECT_DIR)/FacebookSDKs-iOS-4.18.0",
					"$(PROJECT_DIR)",
				);
				INFOPLIST_FILE = TDFacebookLogin/Info.plist;
				IPHONEOS_DEPLOYMENT_TARGET = 10.1;
				LD_RUNPATH_SEARCH_PATHS = "$(inherited) @executable_path/Frameworks";
				PRODUCT_BUNDLE_IDENTIFIER = com.tdermendjiev.TDFacebookLogin;
				PRODUCT_NAME = "$(TARGET_NAME)";
				SWIFT_VERSION = 3.0;
			};
			name = Debug;
		};
		2B63BF471E2FE6E10087F271 /* Release */ = {
			isa = XCBuildConfiguration;
			baseConfigurationReference = 4304A97206315C09DF3C51C0 /* Pods-TDFacebookLogin.release.xcconfig */;
			buildSettings = {
				ASSETCATALOG_COMPILER_APPICON_NAME = AppIcon;
				CODE_SIGN_ENTITLEMENTS = TDFacebookLogin/TDFacebookLogin.entitlements;
				DEVELOPMENT_TEAM = H6KAAZFWNY;
				FRAMEWORK_SEARCH_PATHS = (
					"$(inherited)",
					"$(PROJECT_DIR)/FacebookSDKs-iOS-4.18.0",
					"$(PROJECT_DIR)",
				);
				INFOPLIST_FILE = TDFacebookLogin/Info.plist;
				IPHONEOS_DEPLOYMENT_TARGET = 10.1;
				LD_RUNPATH_SEARCH_PATHS = "$(inherited) @executable_path/Frameworks";
				PRODUCT_BUNDLE_IDENTIFIER = com.tdermendjiev.TDFacebookLogin;
				PRODUCT_NAME = "$(TARGET_NAME)";
				SWIFT_VERSION = 3.0;
			};
			name = Release;
		};
/* End XCBuildConfiguration section */

/* Begin XCConfigurationList section */
		2B63BF2E1E2FE6E10087F271 /* Build configuration list for PBXProject "TDFacebookLogin" */ = {
			isa = XCConfigurationList;
			buildConfigurations = (
				2B63BF431E2FE6E10087F271 /* Debug */,
				2B63BF441E2FE6E10087F271 /* Release */,
			);
			defaultConfigurationIsVisible = 0;
			defaultConfigurationName = Release;
		};
		2B63BF451E2FE6E10087F271 /* Build configuration list for PBXNativeTarget "TDFacebookLogin" */ = {
			isa = XCConfigurationList;
			buildConfigurations = (
				2B63BF461E2FE6E10087F271 /* Debug */,
				2B63BF471E2FE6E10087F271 /* Release */,
			);
			defaultConfigurationIsVisible = 0;
			defaultConfigurationName = Release;
		};
/* End XCConfigurationList section */
	};
	rootObject = 2B63BF2B1E2FE6E10087F271 /* Project object */;
}
